// !$*UTF8*$!
{
	archiveVersion = 1;
	classes = {
	};
	objectVersion = 46;
	objects = {

/* Begin PBXBuildFile section */
		BA41DF8B1EBCF76100992018 /* EmojiViewController.swift in Sources */ = {isa = PBXBuildFile; fileRef = BA41DF8A1EBCF76100992018 /* EmojiViewController.swift */; };
		BA41DF8D1EC0E52E00992018 /* Emoji.swift in Sources */ = {isa = PBXBuildFile; fileRef = BA41DF8C1EC0E52D00992018 /* Emoji.swift */; };
		BAE767FE1EBCEBDA00E7467F /* AppDelegate.swift in Sources */ = {isa = PBXBuildFile; fileRef = BAE767FD1EBCEBD900E7467F /* AppDelegate.swift */; };
		BAE768001EBCEBDA00E7467F /* ViewController.swift in Sources */ = {isa = PBXBuildFile; fileRef = BAE767FF1EBCEBDA00E7467F /* ViewController.swift */; };
		BAE768031EBCEBDA00E7467F /* Main.storyboard in Resources */ = {isa = PBXBuildFile; fileRef = BAE768011EBCEBDA00E7467F /* Main.storyboard */; };
		BAE768051EBCEBDA00E7467F /* Assets.xcassets in Resources */ = {isa = PBXBuildFile; fileRef = BAE768041EBCEBDA00E7467F /* Assets.xcassets */; };
		BAE768081EBCEBDA00E7467F /* LaunchScreen.storyboard in Resources */ = {isa = PBXBuildFile; fileRef = BAE768061EBCEBDA00E7467F /* LaunchScreen.storyboard */; };
/* End PBXBuildFile section */

/* Begin PBXFileReference section */
		BA41DF8A1EBCF76100992018 /* EmojiViewController.swift */ = {isa = PBXFileReference; fileEncoding = 4; lastKnownFileType = sourcecode.swift; path = EmojiViewController.swift; sourceTree = "<group>"; };
		BA41DF8C1EC0E52D00992018 /* Emoji.swift */ = {isa = PBXFileReference; fileEncoding = 4; lastKnownFileType = sourcecode.swift; path = Emoji.swift; sourceTree = "<group>"; };
		BAE767FA1EBCEBD900E7467F /* Emoji App.app */ = {isa = PBXFileReference; explicitFileType = wrapper.application; includeInIndex = 0; path = "Emoji App.app"; sourceTree = BUILT_PRODUCTS_DIR; };
		BAE767FD1EBCEBD900E7467F /* AppDelegate.swift */ = {isa = PBXFileReference; lastKnownFileType = sourcecode.swift; path = AppDelegate.swift; sourceTree = "<group>"; };
		BAE767FF1EBCEBDA00E7467F /* ViewController.swift */ = {isa = PBXFileReference; lastKnownFileType = sourcecode.swift; path = ViewController.swift; sourceTree = "<group>"; };
		BAE768021EBCEBDA00E7467F /* Base */ = {isa = PBXFileReference; lastKnownFileType = file.storyboard; name = Base; path = Base.lproj/Main.storyboard; sourceTree = "<group>"; };
		BAE768041EBCEBDA00E7467F /* Assets.xcassets */ = {isa = PBXFileReference; lastKnownFileType = folder.assetcatalog; path = Assets.xcassets; sourceTree = "<group>"; };
		BAE768071EBCEBDA00E7467F /* Base */ = {isa = PBXFileReference; lastKnownFileType = file.storyboard; name = Base; path = Base.lproj/LaunchScreen.storyboard; sourceTree = "<group>"; };
		BAE768091EBCEBDA00E7467F /* Info.plist */ = {isa = PBXFileReference; lastKnownFileType = text.plist.xml; path = Info.plist; sourceTree = "<group>"; };
/* End PBXFileReference section */

/* Begin PBXFrameworksBuildPhase section */
		BAE767F71EBCEBD900E7467F /* Frameworks */ = {
			isa = PBXFrameworksBuildPhase;
			buildActionMask = 2147483647;
			files = (
			);
			runOnlyForDeploymentPostprocessing = 0;
		};
/* End PBXFrameworksBuildPhase section */

/* Begin PBXGroup section */
		BAE767F11EBCEBD900E7467F = {
			isa = PBXGroup;
			children = (
				BAE767FC1EBCEBD900E7467F /* Emoji App */,
				BAE767FB1EBCEBD900E7467F /* Products */,
			);
			sourceTree = "<group>";
		};
		BAE767FB1EBCEBD900E7467F /* Products */ = {
			isa = PBXGroup;
			children = (
				BAE767FA1EBCEBD900E7467F /* Emoji App.app */,
			);
			name = Products;
			sourceTree = "<group>";
		};
		BAE767FC1EBCEBD900E7467F /* Emoji App */ = {
			isa = PBXGroup;
			children = (
				BAE767FD1EBCEBD900E7467F /* AppDelegate.swift */,
				BAE767FF1EBCEBDA00E7467F /* ViewController.swift */,
				BA41DF8A1EBCF76100992018 /* EmojiViewController.swift */,
				BA41DF8C1EC0E52D00992018 /* Emoji.swift */,
				BAE768011EBCEBDA00E7467F /* Main.storyboard */,
				BAE768041EBCEBDA00E7467F /* Assets.xcassets */,
				BAE768061EBCEBDA00E7467F /* LaunchScreen.storyboard */,
				BAE768091EBCEBDA00E7467F /* Info.plist */,
			);
			path = "Emoji App";
			sourceTree = "<group>";
		};
/* End PBXGroup section */

/* Begin PBXNativeTarget section */
		BAE767F91EBCEBD900E7467F /* Emoji App */ = {
			isa = PBXNativeTarget;
			buildConfigurationList = BAE7680C1EBCEBDA00E7467F /* Build configuration list for PBXNativeTarget "Emoji App" */;
			buildPhases = (
				BAE767F61EBCEBD900E7467F /* Sources */,
				BAE767F71EBCEBD900E7467F /* Frameworks */,
				BAE767F81EBCEBD900E7467F /* Resources */,
			);
			buildRules = (
			);
			dependencies = (
			);
			name = "Emoji App";
			productName = "Emoji App";
			productReference = BAE767FA1EBCEBD900E7467F /* Emoji App.app */;
			productType = "com.apple.product-type.application";
		};
/* End PBXNativeTarget section */

/* Begin PBXProject section */
		BAE767F21EBCEBD900E7467F /* Project object */ = {
			isa = PBXProject;
			attributes = {
				LastSwiftUpdateCheck = 0830;
				LastUpgradeCheck = 0830;
				ORGANIZATIONNAME = "WhiteBelt Apps";
				TargetAttributes = {
					BAE767F91EBCEBD900E7467F = {
						CreatedOnToolsVersion = 8.3.2;
						ProvisioningStyle = Automatic;
					};
				};
			};
			buildConfigurationList = BAE767F51EBCEBD900E7467F /* Build configuration list for PBXProject "Emoji App" */;
			compatibilityVersion = "Xcode 3.2";
			developmentRegion = English;
			hasScannedForEncodings = 0;
			knownRegions = (
				en,
				Base,
			);
			mainGroup = BAE767F11EBCEBD900E7467F;
			productRefGroup = BAE767FB1EBCEBD900E7467F /* Products */;
			projectDirPath = "";
			projectRoot = "";
			targets = (
				BAE767F91EBCEBD900E7467F /* Emoji App */,
			);
		};
/* End PBXProject section */

/* Begin PBXResourcesBuildPhase section */
		BAE767F81EBCEBD900E7467F /* Resources */ = {
			isa = PBXResourcesBuildPhase;
			buildActionMask = 2147483647;
			files = (
				BAE768081EBCEBDA00E7467F /* LaunchScreen.storyboard in Resources */,
				BAE768051EBCEBDA00E7467F /* Assets.xcassets in Resources */,
				BAE768031EBCEBDA00E7467F /* Main.storyboard in Resources */,
			);
			runOnlyForDeploymentPostprocessing = 0;
		};
/* End PBXResourcesBuildPhase section */

/* Begin PBXSourcesBuildPhase section */
		BAE767F61EBCEBD900E7467F /* Sources */ = {
			isa = PBXSourcesBuildPhase;
			buildActionMask = 2147483647;
			files = (
				BA41DF8B1EBCF76100992018 /* EmojiViewController.swift in Sources */,
				BAE768001EBCEBDA00E7467F /* ViewController.swift in Sources */,
				BA41DF8D1EC0E52E00992018 /* Emoji.swift in Sources */,
				BAE767FE1EBCEBDA00E7467F /* AppDelegate.swift in Sources */,
			);
			runOnlyForDeploymentPostprocessing = 0;
		};
/* End PBXSourcesBuildPhase section */

/* Begin PBXVariantGroup section */
		BAE768011EBCEBDA00E7467F /* Main.storyboard */ = {
			isa = PBXVariantGroup;
			children = (
				BAE768021EBCEBDA00E7467F /* Base */,
			);
			name = Main.storyboard;
			sourceTree = "<group>";
		};
		BAE768061EBCEBDA00E7467F /* LaunchScreen.storyboard */ = {
			isa = PBXVariantGroup;
			children = (
				BAE768071EBCEBDA00E7467F /* Base */,
			);
			name = LaunchScreen.storyboard;
			sourceTree = "<group>";
		};
/* End PBXVariantGroup section */

/* Begin XCBuildConfiguration section */
		BAE7680A1EBCEBDA00E7467F /* Debug */ = {
			isa = XCBuildConfiguration;
			buildSettings = {
				ALWAYS_SEARCH_USER_PATHS = NO;
				CLANG_ANALYZER_NONNULL = YES;
				CLANG_ANALYZER_NUMBER_OBJECT_CONVERSION = YES_AGGRESSIVE;
				CLANG_CXX_LANGUAGE_STANDARD = "gnu++0x";
				CLANG_CXX_LIBRARY = "libc++";
				CLANG_ENABLE_MODULES = YES;
				CLANG_ENABLE_OBJC_ARC = YES;
				CLANG_WARN_BOOL_CONVERSION = YES;
				CLANG_WARN_CONSTANT_CONVERSION = YES;
				CLANG_WARN_DIRECT_OBJC_ISA_USAGE = YES_ERROR;
				CLANG_WARN_DOCUMENTATION_COMMENTS = YES;
				CLANG_WARN_EMPTY_BODY = YES;
				CLANG_WARN_ENUM_CONVERSION = YES;
				CLANG_WARN_INFINITE_RECURSION = YES;
				CLANG_WARN_INT_CONVERSION = YES;
				CLANG_WARN_OBJC_ROOT_CLASS = YES_ERROR;
				CLANG_WARN_SUSPICIOUS_MOVE = YES;
				CLANG_WARN_UNREACHABLE_CODE = YES;
				CLANG_WARN__DUPLICATE_METHOD_MATCH = YES;
				"CODE_SIGN_IDENTITY[sdk=iphoneos*]" = "iPhone Developer";
				COPY_PHASE_STRIP = NO;
				DEBUG_INFORMATION_FORMAT = dwarf;
				ENABLE_STRICT_OBJC_MSGSEND = YES;
				ENABLE_TESTABILITY = YES;
				GCC_C_LANGUAGE_STANDARD = gnu99;
				GCC_DYNAMIC_NO_PIC = NO;
				GCC_NO_COMMON_BLOCKS = YES;
				GCC_OPTIMIZATION_LEVEL = 0;
				GCC_PREPROCESSOR_DEFINITIONS = (
					"DEBUG=1",
					"$(inherited)",
				);
				GCC_WARN_64_TO_32_BIT_CONVERSION = YES;
				GCC_WARN_ABOUT_RETURN_TYPE = YES_ERROR;
				GCC_WARN_UNDECLARED_SELECTOR = YES;
				GCC_WARN_UNINITIALIZED_AUTOS = YES_AGGRESSIVE;
				GCC_WARN_UNUSED_FUNCTION = YES;
				GCC_WARN_UNUSED_VARIABLE = YES;
				IPHONEOS_DEPLOYMENT_TARGET = 10.3;
				MTL_ENABLE_DEBUG_INFO = YES;
				ONLY_ACTIVE_ARCH = YES;
				SDKROOT = iphoneos;
				SWIFT_ACTIVE_COMPILATION_CONDITIONS = DEBUG;
				SWIFT_OPTIMIZATION_LEVEL = "-Onone";
			};
			name = Debug;
		};
		BAE7680B1EBCEBDA00E7467F /* Release */ = {
			isa = XCBuildConfiguration;
			buildSettings = {
				ALWAYS_SEARCH_USER_PATHS = NO;
				CLANG_ANALYZER_NONNULL = YES;
				CLANG_ANALYZER_NUMBER_OBJECT_CONVERSION = YES_AGGRESSIVE;
				CLANG_CXX_LANGUAGE_STANDARD = "gnu++0x";
				CLANG_CXX_LIBRARY = "libc++";
				CLANG_ENABLE_MODULES = YES;
				CLANG_ENABLE_OBJC_ARC = YES;
				CLANG_WARN_BOOL_CONVERSION = YES;
				CLANG_WARN_CONSTANT_CONVERSION = YES;
				CLANG_WARN_DIRECT_OBJC_ISA_USAGE = YES_ERROR;
				CLANG_WARN_DOCUMENTATION_COMMENTS = YES;
				CLANG_WARN_EMPTY_BODY = YES;
				CLANG_WARN_ENUM_CONVERSION = YES;
				CLANG_WARN_INFINITE_RECURSION = YES;
				CLANG_WARN_INT_CONVERSION = YES;
				CLANG_WARN_OBJC_ROOT_CLASS = YES_ERROR;
				CLANG_WARN_SUSPICIOUS_MOVE = YES;
				CLANG_WARN_UNREACHABLE_CODE = YES;
				CLANG_WARN__DUPLICATE_METHOD_MATCH = YES;
				"CODE_SIGN_IDENTITY[sdk=iphoneos*]" = "iPhone Developer";
				COPY_PHASE_STRIP = NO;
				DEBUG_INFORMATION_FORMAT = "dwarf-with-dsym";
				ENABLE_NS_ASSERTIONS = NO;
				ENABLE_STRICT_OBJC_MSGSEND = YES;
				GCC_C_LANGUAGE_STANDARD = gnu99;
				GCC_NO_COMMON_BLOCKS = YES;
				GCC_WARN_64_TO_32_BIT_CONVERSION = YES;
				GCC_WARN_ABOUT_RETURN_TYPE = YES_ERROR;
				GCC_WARN_UNDECLARED_SELECTOR = YES;
				GCC_WARN_UNINITIALIZED_AUTOS = YES_AGGRESSIVE;
				GCC_WARN_UNUSED_FUNCTION = YES;
				GCC_WARN_UNUSED_VARIABLE = YES;
				IPHONEOS_DEPLOYMENT_TARGET = 10.3;
				MTL_ENABLE_DEBUG_INFO = NO;
				SDKROOT = iphoneos;
				SWIFT_OPTIMIZATION_LEVEL = "-Owholemodule";
				VALIDATE_PRODUCT = YES;
			};
			name = Release;
		};
		BAE7680D1EBCEBDA00E7467F /* Debug */ = {
			isa = XCBuildConfiguration;
			buildSettings = {
				ASSETCATALOG_COMPILER_APPICON_NAME = AppIcon;
				INFOPLIST_FILE = "Emoji App/Info.plist";
				LD_RUNPATH_SEARCH_PATHS = "$(inherited) @executable_path/Frameworks";
				PRODUCT_BUNDLE_IDENTIFIER = "se.whitebelt.Emoji-App";
				PRODUCT_NAME = "$(TARGET_NAME)";
				SWIFT_VERSION = 3.0;
			};
			name = Debug;
		};
		BAE7680E1EBCEBDA00E7467F /* Release */ = {
			isa = XCBuildConfiguration;
			buildSettings = {
				ASSETCATALOG_COMPILER_APPICON_NAME = AppIcon;
				INFOPLIST_FILE = "Emoji App/Info.plist";
				LD_RUNPATH_SEARCH_PATHS = "$(inherited) @executable_path/Frameworks";
				PRODUCT_BUNDLE_IDENTIFIER = "se.whitebelt.Emoji-App";
				PRODUCT_NAME = "$(TARGET_NAME)";
				SWIFT_VERSION = 3.0;
			};
			name = Release;
		};
/* End XCBuildConfiguration section */

/* Begin XCConfigurationList section */
		BAE767F51EBCEBD900E7467F /* Build configuration list for PBXProject "Emoji App" */ = {
			isa = XCConfigurationList;
			buildConfigurations = (
				BAE7680A1EBCEBDA00E7467F /* Debug */,
				BAE7680B1EBCEBDA00E7467F /* Release */,
			);
			defaultConfigurationIsVisible = 0;
			defaultConfigurationName = Release;
		};
		BAE7680C1EBCEBDA00E7467F /* Build configuration list for PBXNativeTarget "Emoji App" */ = {
			isa = XCConfigurationList;
			buildConfigurations = (
				BAE7680D1EBCEBDA00E7467F /* Debug */,
				BAE7680E1EBCEBDA00E7467F /* Release */,
			);
			defaultConfigurationIsVisible = 0;
			defaultConfigurationName = Release;
		};
/* End XCConfigurationList section */
	};
	rootObject = BAE767F21EBCEBD900E7467F /* Project object */;
}
